
Microsoft Visual Studio Solution File, Format Version 12.00
# Visual Studio Version 17
VisualStudioVersion = 17.4.33122.133
MinimumVisualStudioVersion = 10.0.40219.1
Project("{9A19103F-16F7-4668-BE54-9A1E7A4F7556}") = "DaprShop.ShoppingCart.API", "DaprShop.ShoppingCart.API\DaprShop.ShoppingCart.API.csproj", "{46F3C87F-CE7B-41A3-9882-FBE90F50D571}"
EndProject
Project("{FAE04EC0-301F-11D3-BF4B-00C04F79EFBC}") = "DaprShop.Contracts", "DaprShop.Contracts\DaprShop.Contracts.csproj", "{5A2FD75E-ACAA-418A-80F8-1B85705963F3}"
EndProject
Project("{FAE04EC0-301F-11D3-BF4B-00C04F79EFBC}") = "DaprShop.Recommendation.API", "DaprShop.Recommendation.API\DaprShop.Recommendation.API.csproj", "{389C52FB-07E4-454E-A2FD-EE1691570F43}"
EndProject
Global
	GlobalSection(SolutionConfigurationPlatforms) = preSolution
		Debug|Any CPU = Debug|Any CPU
		Release|Any CPU = Release|Any CPU
	EndGlobalSection
	GlobalSection(ProjectConfigurationPlatforms) = postSolution
		{46F3C87F-CE7B-41A3-9882-FBE90F50D571}.Debug|Any CPU.ActiveCfg = Debug|Any CPU
		{46F3C87F-CE7B-41A3-9882-FBE90F50D571}.Debug|Any CPU.Build.0 = Debug|Any CPU
		{46F3C87F-CE7B-41A3-9882-FBE90F50D571}.Release|Any CPU.ActiveCfg = Release|Any CPU
		{46F3C87F-CE7B-41A3-9882-FBE90F50D571}.Release|Any CPU.Build.0 = Release|Any CPU
		{5A2FD75E-ACAA-418A-80F8-1B85705963F3}.Debug|Any CPU.ActiveCfg = Debug|Any CPU
		{5A2FD75E-ACAA-418A-80F8-1B85705963F3}.Debug|Any CPU.Build.0 = Debug|Any CPU
		{5A2FD75E-ACAA-418A-80F8-1B85705963F3}.Release|Any CPU.ActiveCfg = Release|Any CPU
		{5A2FD75E-ACAA-418A-80F8-1B85705963F3}.Release|Any CPU.Build.0 = Release|Any CPU
		{389C52FB-07E4-454E-A2FD-EE1691570F43}.Debug|Any CPU.ActiveCfg = Debug|Any CPU
		{389C52FB-07E4-454E-A2FD-EE1691570F43}.Debug|Any CPU.Build.0 = Debug|Any CPU
		{389C52FB-07E4-454E-A2FD-EE1691570F43}.Release|Any CPU.ActiveCfg = Release|Any CPU
		{389C52FB-07E4-454E-A2FD-EE1691570F43}.Release|Any CPU.Build.0 = Release|Any CPU
	EndGlobalSection
	GlobalSection(SolutionProperties) = preSolution
		HideSolutionNode = FALSE
	EndGlobalSection
	GlobalSection(ExtensibilityGlobals) = postSolution
		SolutionGuid = {20164080-B036-4278-8E4E-F76B88B4E327}
	EndGlobalSection
EndGlobal
